
Microsoft Visual Studio Solution File, Format Version 12.00
# Visual Studio Version 17
VisualStudioVersion = 17.6.33829.357
MinimumVisualStudioVersion = 10.0.40219.1
Project("{FAE04EC0-301F-11D3-BF4B-00C04F79EFBC}") = "ExampleColorPlugin", "ExampleColorPlugin\ExampleColorPlugin.csproj", "{188C4064-E552-4FCF-AF14-E0222152CDF9}"
EndProject
Global
	GlobalSection(SolutionConfigurationPlatforms) = preSolution
		Debug|Any CPU = Debug|Any CPU
		Release|Any CPU = Release|Any CPU
	EndGlobalSection
	GlobalSection(ProjectConfigurationPlatforms) = postSolution
		{188C4064-E552-4FCF-AF14-E0222152CDF9}.Debug|Any CPU.ActiveCfg = Debug|Any CPU
		{188C4064-E552-4FCF-AF14-E0222152CDF9}.Debug|Any CPU.Build.0 = Debug|Any CPU
		{188C4064-E552-4FCF-AF14-E0222152CDF9}.Release|Any CPU.ActiveCfg = Release|Any CPU
		{188C4064-E552-4FCF-AF14-E0222152CDF9}.Release|Any CPU.Build.0 = Release|Any CPU
	EndGlobalSection
	GlobalSection(SolutionProperties) = preSolution
		HideSolutionNode = FALSE
	EndGlobalSection
	GlobalSection(ExtensibilityGlobals) = postSolution
		SolutionGuid = {F64F44F0-2DE6-4834-A0FB-EF35B1718A5C}
	EndGlobalSection
EndGlobal
